
Microsoft Visual Studio Solution File, Format Version 12.00
# Visual Studio Version 17
VisualStudioVersion = 17.13.35806.99 d17.13
MinimumVisualStudioVersion = 10.0.40219.1
Project("{FAE04EC0-301F-11D3-BF4B-00C04F79EFBC}") = "Agenda", "Agenda\Agenda.csproj", "{1AD159EA-7ECB-4617-8DAE-EC2A2956AA7E}"
EndProject
Global
	GlobalSection(SolutionConfigurationPlatforms) = preSolution
		Debug|Any CPU = Debug|Any CPU
		Release|Any CPU = Release|Any CPU
	EndGlobalSection
	GlobalSection(ProjectConfigurationPlatforms) = postSolution
		{1AD159EA-7ECB-4617-8DAE-EC2A2956AA7E}.Debug|Any CPU.ActiveCfg = Debug|Any CPU
		{1AD159EA-7ECB-4617-8DAE-EC2A2956AA7E}.Debug|Any CPU.Build.0 = Debug|Any CPU
		{1AD159EA-7ECB-4617-8DAE-EC2A2956AA7E}.Release|Any CPU.ActiveCfg = Release|Any CPU
		{1AD159EA-7ECB-4617-8DAE-EC2A2956AA7E}.Release|Any CPU.Build.0 = Release|Any CPU
	EndGlobalSection
	GlobalSection(SolutionProperties) = preSolution
		HideSolutionNode = FALSE
	EndGlobalSection
	GlobalSection(ExtensibilityGlobals) = postSolution
		SolutionGuid = {CF531463-986F-4E86-B6A7-DDF465F783E2}
	EndGlobalSection
EndGlobal
