
Microsoft Visual Studio Solution File, Format Version 12.00
# Visual Studio Version 17
VisualStudioVersion = 17.13.35806.99 d17.13
MinimumVisualStudioVersion = 10.0.40219.1
Project("{FAE04EC0-301F-11D3-BF4B-00C04F79EFBC}") = "Moderno", "Moderno\Moderno.csproj", "{C9E86941-1D09-4F29-93FA-DD8D942F6EDC}"
EndProject
Global
	GlobalSection(SolutionConfigurationPlatforms) = preSolution
		Debug|Any CPU = Debug|Any CPU
		Release|Any CPU = Release|Any CPU
	EndGlobalSection
	GlobalSection(ProjectConfigurationPlatforms) = postSolution
		{C9E86941-1D09-4F29-93FA-DD8D942F6EDC}.Debug|Any CPU.ActiveCfg = Debug|Any CPU
		{C9E86941-1D09-4F29-93FA-DD8D942F6EDC}.Debug|Any CPU.Build.0 = Debug|Any CPU
		{C9E86941-1D09-4F29-93FA-DD8D942F6EDC}.Release|Any CPU.ActiveCfg = Release|Any CPU
		{C9E86941-1D09-4F29-93FA-DD8D942F6EDC}.Release|Any CPU.Build.0 = Release|Any CPU
	EndGlobalSection
	GlobalSection(SolutionProperties) = preSolution
		HideSolutionNode = FALSE
	EndGlobalSection
	GlobalSection(ExtensibilityGlobals) = postSolution
		SolutionGuid = {FB4334CE-065B-4167-BF75-F9B0E9ED3A9B}
	EndGlobalSection
EndGlobal
