
Microsoft Visual Studio Solution File, Format Version 12.00
# Visual Studio Version 17
VisualStudioVersion = 17.13.35806.99 d17.13
MinimumVisualStudioVersion = 10.0.40219.1
Project("{FAE04EC0-301F-11D3-BF4B-00C04F79EFBC}") = "ProjetoBD", "ProjetoBD\ProjetoBD.csproj", "{BAD54321-559A-4B5A-B090-B008D1A35077}"
EndProject
Global
	GlobalSection(SolutionConfigurationPlatforms) = preSolution
		Debug|Any CPU = Debug|Any CPU
		Release|Any CPU = Release|Any CPU
	EndGlobalSection
	GlobalSection(ProjectConfigurationPlatforms) = postSolution
		{BAD54321-559A-4B5A-B090-B008D1A35077}.Debug|Any CPU.ActiveCfg = Debug|Any CPU
		{BAD54321-559A-4B5A-B090-B008D1A35077}.Debug|Any CPU.Build.0 = Debug|Any CPU
		{BAD54321-559A-4B5A-B090-B008D1A35077}.Release|Any CPU.ActiveCfg = Release|Any CPU
		{BAD54321-559A-4B5A-B090-B008D1A35077}.Release|Any CPU.Build.0 = Release|Any CPU
	EndGlobalSection
	GlobalSection(SolutionProperties) = preSolution
		HideSolutionNode = FALSE
	EndGlobalSection
	GlobalSection(ExtensibilityGlobals) = postSolution
		SolutionGuid = {78184773-E43E-4E57-BA46-A8F528358095}
	EndGlobalSection
EndGlobal
